
Microsoft Visual Studio Solution File, Format Version 12.00
# Visual Studio Version 17
VisualStudioVersion = 17.0.32126.317
MinimumVisualStudioVersion = 10.0.40219.1
Project("{FAE04EC0-301F-11D3-BF4B-00C04F79EFBC}") = "lab4", "lab4\lab4.csproj", "{6AEBF2FA-52E6-424E-8448-18C3CB4A8AC2}"
EndProject
Global
	GlobalSection(SolutionConfigurationPlatforms) = preSolution
		Debug|Any CPU = Debug|Any CPU
		Release|Any CPU = Release|Any CPU
	EndGlobalSection
	GlobalSection(ProjectConfigurationPlatforms) = postSolution
		{6AEBF2FA-52E6-424E-8448-18C3CB4A8AC2}.Debug|Any CPU.ActiveCfg = Debug|Any CPU
		{6AEBF2FA-52E6-424E-8448-18C3CB4A8AC2}.Debug|Any CPU.Build.0 = Debug|Any CPU
		{6AEBF2FA-52E6-424E-8448-18C3CB4A8AC2}.Release|Any CPU.ActiveCfg = Release|Any CPU
		{6AEBF2FA-52E6-424E-8448-18C3CB4A8AC2}.Release|Any CPU.Build.0 = Release|Any CPU
	EndGlobalSection
	GlobalSection(SolutionProperties) = preSolution
		HideSolutionNode = FALSE
	EndGlobalSection
	GlobalSection(ExtensibilityGlobals) = postSolution
		SolutionGuid = {020C5D77-759B-4A0C-AD7D-2767E3EE8055}
	EndGlobalSection
EndGlobal
